// !$*UTF8*$!
{
	archiveVersion = 1;
	classes = {
	};
	objectVersion = 77;
	objects = {

/* Begin PBXContainerItemProxy section */
		6EE6F7402CB0E72600E9E52D /* PBXContainerItemProxy */ = {
			isa = PBXContainerItemProxy;
			containerPortal = 6EE6F7272CB0E72500E9E52D /* Project object */;
			proxyType = 1;
			remoteGlobalIDString = 6EE6F72E2CB0E72500E9E52D;
			remoteInfo = SaludApi;
		};
		6EE6F74A2CB0E72600E9E52D /* PBXContainerItemProxy */ = {
			isa = PBXContainerItemProxy;
			containerPortal = 6EE6F7272CB0E72500E9E52D /* Project object */;
			proxyType = 1;
			remoteGlobalIDString = 6EE6F72E2CB0E72500E9E52D;
			remoteInfo = SaludApi;
		};
/* End PBXContainerItemProxy section */

/* Begin PBXFileReference section */
		6EE6F72F2CB0E72500E9E52D /* SaludApi.app */ = {isa = PBXFileReference; explicitFileType = wrapper.application; includeInIndex = 0; path = SaludApi.app; sourceTree = BUILT_PRODUCTS_DIR; };
		6EE6F73F2CB0E72600E9E52D /* SaludApiTests.xctest */ = {isa = PBXFileReference; explicitFileType = wrapper.cfbundle; includeInIndex = 0; path = SaludApiTests.xctest; sourceTree = BUILT_PRODUCTS_DIR; };
		6EE6F7492CB0E72600E9E52D /* SaludApiUITests.xctest */ = {isa = PBXFileReference; explicitFileType = wrapper.cfbundle; includeInIndex = 0; path = SaludApiUITests.xctest; sourceTree = BUILT_PRODUCTS_DIR; };
/* End PBXFileReference section */

/* Begin PBXFileSystemSynchronizedRootGroup section */
		6EE6F7312CB0E72500E9E52D /* SaludApi */ = {
			isa = PBXFileSystemSynchronizedRootGroup;
			path = SaludApi;
			sourceTree = "<group>";
		};
		6EE6F7422CB0E72600E9E52D /* SaludApiTests */ = {
			isa = PBXFileSystemSynchronizedRootGroup;
			path = SaludApiTests;
			sourceTree = "<group>";
		};
		6EE6F74C2CB0E72600E9E52D /* SaludApiUITests */ = {
			isa = PBXFileSystemSynchronizedRootGroup;
			path = SaludApiUITests;
			sourceTree = "<group>";
		};
/* End PBXFileSystemSynchronizedRootGroup section */

/* Begin PBXFrameworksBuildPhase section */
		6EE6F72C2CB0E72500E9E52D /* Frameworks */ = {
			isa = PBXFrameworksBuildPhase;
			buildActionMask = 2147483647;
			files = (
			);
			runOnlyForDeploymentPostprocessing = 0;
		};
		6EE6F73C2CB0E72600E9E52D /* Frameworks */ = {
			isa = PBXFrameworksBuildPhase;
			buildActionMask = 2147483647;
			files = (
			);
			runOnlyForDeploymentPostprocessing = 0;
		};
		6EE6F7462CB0E72600E9E52D /* Frameworks */ = {
			isa = PBXFrameworksBuildPhase;
			buildActionMask = 2147483647;
			files = (
			);
			runOnlyForDeploymentPostprocessing = 0;
		};
/* End PBXFrameworksBuildPhase section */

/* Begin PBXGroup section */
		6EE6F7262CB0E72500E9E52D = {
			isa = PBXGroup;
			children = (
				6EE6F7312CB0E72500E9E52D /* SaludApi */,
				6EE6F7422CB0E72600E9E52D /* SaludApiTests */,
				6EE6F74C2CB0E72600E9E52D /* SaludApiUITests */,
				6EE6F7302CB0E72500E9E52D /* Products */,
			);
			sourceTree = "<group>";
		};
		6EE6F7302CB0E72500E9E52D /* Products */ = {
			isa = PBXGroup;
			children = (
				6EE6F72F2CB0E72500E9E52D /* SaludApi.app */,
				6EE6F73F2CB0E72600E9E52D /* SaludApiTests.xctest */,
				6EE6F7492CB0E72600E9E52D /* SaludApiUITests.xctest */,
			);
			name = Products;
			sourceTree = "<group>";
		};
/* End PBXGroup section */

/* Begin PBXNativeTarget section */
		6EE6F72E2CB0E72500E9E52D /* SaludApi */ = {
			isa = PBXNativeTarget;
			buildConfigurationList = 6EE6F7532CB0E72600E9E52D /* Build configuration list for PBXNativeTarget "SaludApi" */;
			buildPhases = (
				6EE6F72B2CB0E72500E9E52D /* Sources */,
				6EE6F72C2CB0E72500E9E52D /* Frameworks */,
				6EE6F72D2CB0E72500E9E52D /* Resources */,
			);
			buildRules = (
			);
			dependencies = (
			);
			fileSystemSynchronizedGroups = (
				6EE6F7312CB0E72500E9E52D /* SaludApi */,
			);
			name = SaludApi;
			packageProductDependencies = (
			);
			productName = SaludApi;
			productReference = 6EE6F72F2CB0E72500E9E52D /* SaludApi.app */;
			productType = "com.apple.product-type.application";
		};
		6EE6F73E2CB0E72600E9E52D /* SaludApiTests */ = {
			isa = PBXNativeTarget;
			buildConfigurationList = 6EE6F7562CB0E72600E9E52D /* Build configuration list for PBXNativeTarget "SaludApiTests" */;
			buildPhases = (
				6EE6F73B2CB0E72600E9E52D /* Sources */,
				6EE6F73C2CB0E72600E9E52D /* Frameworks */,
				6EE6F73D2CB0E72600E9E52D /* Resources */,
			);
			buildRules = (
			);
			dependencies = (
				6EE6F7412CB0E72600E9E52D /* PBXTargetDependency */,
			);
			fileSystemSynchronizedGroups = (
				6EE6F7422CB0E72600E9E52D /* SaludApiTests */,
			);
			name = SaludApiTests;
			packageProductDependencies = (
			);
			productName = SaludApiTests;
			productReference = 6EE6F73F2CB0E72600E9E52D /* SaludApiTests.xctest */;
			productType = "com.apple.product-type.bundle.unit-test";
		};
		6EE6F7482CB0E72600E9E52D /* SaludApiUITests */ = {
			isa = PBXNativeTarget;
			buildConfigurationList = 6EE6F7592CB0E72600E9E52D /* Build configuration list for PBXNativeTarget "SaludApiUITests" */;
			buildPhases = (
				6EE6F7452CB0E72600E9E52D /* Sources */,
				6EE6F7462CB0E72600E9E52D /* Frameworks */,
				6EE6F7472CB0E72600E9E52D /* Resources */,
			);
			buildRules = (
			);
			dependencies = (
				6EE6F74B2CB0E72600E9E52D /* PBXTargetDependency */,
			);
			fileSystemSynchronizedGroups = (
				6EE6F74C2CB0E72600E9E52D /* SaludApiUITests */,
			);
			name = SaludApiUITests;
			packageProductDependencies = (
			);
			productName = SaludApiUITests;
			productReference = 6EE6F7492CB0E72600E9E52D /* SaludApiUITests.xctest */;
			productType = "com.apple.product-type.bundle.ui-testing";
		};
/* End PBXNativeTarget section */

/* Begin PBXProject section */
		6EE6F7272CB0E72500E9E52D /* Project object */ = {
			isa = PBXProject;
			attributes = {
				BuildIndependentTargetsInParallel = 1;
				LastSwiftUpdateCheck = 1610;
				LastUpgradeCheck = 1610;
				TargetAttributes = {
					6EE6F72E2CB0E72500E9E52D = {
						CreatedOnToolsVersion = 16.1;
					};
					6EE6F73E2CB0E72600E9E52D = {
						CreatedOnToolsVersion = 16.1;
						TestTargetID = 6EE6F72E2CB0E72500E9E52D;
					};
					6EE6F7482CB0E72600E9E52D = {
						CreatedOnToolsVersion = 16.1;
						TestTargetID = 6EE6F72E2CB0E72500E9E52D;
					};
				};
			};
			buildConfigurationList = 6EE6F72A2CB0E72500E9E52D /* Build configuration list for PBXProject "SaludApi" */;
			developmentRegion = en;
			hasScannedForEncodings = 0;
			knownRegions = (
				en,
				Base,
			);
			mainGroup = 6EE6F7262CB0E72500E9E52D;
			minimizedProjectReferenceProxies = 1;
			preferredProjectObjectVersion = 77;
			productRefGroup = 6EE6F7302CB0E72500E9E52D /* Products */;
			projectDirPath = "";
			projectRoot = "";
			targets = (
				6EE6F72E2CB0E72500E9E52D /* SaludApi */,
				6EE6F73E2CB0E72600E9E52D /* SaludApiTests */,
				6EE6F7482CB0E72600E9E52D /* SaludApiUITests */,
			);
		};
/* End PBXProject section */

/* Begin PBXResourcesBuildPhase section */
		6EE6F72D2CB0E72500E9E52D /* Resources */ = {
			isa = PBXResourcesBuildPhase;
			buildActionMask = 2147483647;
			files = (
			);
			runOnlyForDeploymentPostprocessing = 0;
		};
		6EE6F73D2CB0E72600E9E52D /* Resources */ = {
			isa = PBXResourcesBuildPhase;
			buildActionMask = 2147483647;
			files = (
			);
			runOnlyForDeploymentPostprocessing = 0;
		};
		6EE6F7472CB0E72600E9E52D /* Resources */ = {
			isa = PBXResourcesBuildPhase;
			buildActionMask = 2147483647;
			files = (
			);
			runOnlyForDeploymentPostprocessing = 0;
		};
/* End PBXResourcesBuildPhase section */

/* Begin PBXSourcesBuildPhase section */
		6EE6F72B2CB0E72500E9E52D /* Sources */ = {
			isa = PBXSourcesBuildPhase;
			buildActionMask = 2147483647;
			files = (
			);
			runOnlyForDeploymentPostprocessing = 0;
		};
		6EE6F73B2CB0E72600E9E52D /* Sources */ = {
			isa = PBXSourcesBuildPhase;
			buildActionMask = 2147483647;
			files = (
			);
			runOnlyForDeploymentPostprocessing = 0;
		};
		6EE6F7452CB0E72600E9E52D /* Sources */ = {
			isa = PBXSourcesBuildPhase;
			buildActionMask = 2147483647;
			files = (
			);
			runOnlyForDeploymentPostprocessing = 0;
		};
/* End PBXSourcesBuildPhase section */

/* Begin PBXTargetDependency section */
		6EE6F7412CB0E72600E9E52D /* PBXTargetDependency */ = {
			isa = PBXTargetDependency;
			target = 6EE6F72E2CB0E72500E9E52D /* SaludApi */;
			targetProxy = 6EE6F7402CB0E72600E9E52D /* PBXContainerItemProxy */;
		};
		6EE6F74B2CB0E72600E9E52D /* PBXTargetDependency */ = {
			isa = PBXTargetDependency;
			target = 6EE6F72E2CB0E72500E9E52D /* SaludApi */;
			targetProxy = 6EE6F74A2CB0E72600E9E52D /* PBXContainerItemProxy */;
		};
/* End PBXTargetDependency section */

/* Begin XCBuildConfiguration section */
		6EE6F7512CB0E72600E9E52D /* Debug */ = {
			isa = XCBuildConfiguration;
			buildSettings = {
				ALWAYS_SEARCH_USER_PATHS = NO;
				ASSETCATALOG_COMPILER_GENERATE_SWIFT_ASSET_SYMBOL_EXTENSIONS = YES;
				CLANG_ANALYZER_NONNULL = YES;
				CLANG_ANALYZER_NUMBER_OBJECT_CONVERSION = YES_AGGRESSIVE;
				CLANG_CXX_LANGUAGE_STANDARD = "gnu++20";
				CLANG_ENABLE_MODULES = YES;
				CLANG_ENABLE_OBJC_ARC = YES;
				CLANG_ENABLE_OBJC_WEAK = YES;
				CLANG_WARN_BLOCK_CAPTURE_AUTORELEASING = YES;
				CLANG_WARN_BOOL_CONVERSION = YES;
				CLANG_WARN_COMMA = YES;
				CLANG_WARN_CONSTANT_CONVERSION = YES;
				CLANG_WARN_DEPRECATED_OBJC_IMPLEMENTATIONS = YES;
				CLANG_WARN_DIRECT_OBJC_ISA_USAGE = YES_ERROR;
				CLANG_WARN_DOCUMENTATION_COMMENTS = YES;
				CLANG_WARN_EMPTY_BODY = YES;
				CLANG_WARN_ENUM_CONVERSION = YES;
				CLANG_WARN_INFINITE_RECURSION = YES;
				CLANG_WARN_INT_CONVERSION = YES;
				CLANG_WARN_NON_LITERAL_NULL_CONVERSION = YES;
				CLANG_WARN_OBJC_IMPLICIT_RETAIN_SELF = YES;
				CLANG_WARN_OBJC_LITERAL_CONVERSION = YES;
				CLANG_WARN_OBJC_ROOT_CLASS = YES_ERROR;
				CLANG_WARN_QUOTED_INCLUDE_IN_FRAMEWORK_HEADER = YES;
				CLANG_WARN_RANGE_LOOP_ANALYSIS = YES;
				CLANG_WARN_STRICT_PROTOTYPES = YES;
				CLANG_WARN_SUSPICIOUS_MOVE = YES;
				CLANG_WARN_UNGUARDED_AVAILABILITY = YES_AGGRESSIVE;
				CLANG_WARN_UNREACHABLE_CODE = YES;
				CLANG_WARN__DUPLICATE_METHOD_MATCH = YES;
				COPY_PHASE_STRIP = NO;
				DEBUG_INFORMATION_FORMAT = dwarf;
				ENABLE_STRICT_OBJC_MSGSEND = YES;
				ENABLE_TESTABILITY = YES;
				ENABLE_USER_SCRIPT_SANDBOXING = YES;
				GCC_C_LANGUAGE_STANDARD = gnu17;
				GCC_DYNAMIC_NO_PIC = NO;
				GCC_NO_COMMON_BLOCKS = YES;
				GCC_OPTIMIZATION_LEVEL = 0;
				GCC_PREPROCESSOR_DEFINITIONS = (
					"DEBUG=1",
					"$(inherited)",
				);
				GCC_WARN_64_TO_32_BIT_CONVERSION = YES;
				GCC_WARN_ABOUT_RETURN_TYPE = YES_ERROR;
				GCC_WARN_UNDECLARED_SELECTOR = YES;
				GCC_WARN_UNINITIALIZED_AUTOS = YES_AGGRESSIVE;
				GCC_WARN_UNUSED_FUNCTION = YES;
				GCC_WARN_UNUSED_VARIABLE = YES;
				IPHONEOS_DEPLOYMENT_TARGET = 18.1;
				LOCALIZATION_PREFERS_STRING_CATALOGS = YES;
				MTL_ENABLE_DEBUG_INFO = INCLUDE_SOURCE;
				MTL_FAST_MATH = YES;
				ONLY_ACTIVE_ARCH = YES;
				SDKROOT = iphoneos;
				SWIFT_ACTIVE_COMPILATION_CONDITIONS = "DEBUG $(inherited)";
				SWIFT_OPTIMIZATION_LEVEL = "-Onone";
			};
			name = Debug;
		};
		6EE6F7522CB0E72600E9E52D /* Release */ = {
			isa = XCBuildConfiguration;
			buildSettings = {
				ALWAYS_SEARCH_USER_PATHS = NO;
				ASSETCATALOG_COMPILER_GENERATE_SWIFT_ASSET_SYMBOL_EXTENSIONS = YES;
				CLANG_ANALYZER_NONNULL = YES;
				CLANG_ANALYZER_NUMBER_OBJECT_CONVERSION = YES_AGGRESSIVE;
				CLANG_CXX_LANGUAGE_STANDARD = "gnu++20";
				CLANG_ENABLE_MODULES = YES;
				CLANG_ENABLE_OBJC_ARC = YES;
				CLANG_ENABLE_OBJC_WEAK = YES;
				CLANG_WARN_BLOCK_CAPTURE_AUTORELEASING = YES;
				CLANG_WARN_BOOL_CONVERSION = YES;
				CLANG_WARN_COMMA = YES;
				CLANG_WARN_CONSTANT_CONVERSION = YES;
				CLANG_WARN_DEPRECATED_OBJC_IMPLEMENTATIONS = YES;
				CLANG_WARN_DIRECT_OBJC_ISA_USAGE = YES_ERROR;
				CLANG_WARN_DOCUMENTATION_COMMENTS = YES;
				CLANG_WARN_EMPTY_BODY = YES;
				CLANG_WARN_ENUM_CONVERSION = YES;
				CLANG_WARN_INFINITE_RECURSION = YES;
				CLANG_WARN_INT_CONVERSION = YES;
				CLANG_WARN_NON_LITERAL_NULL_CONVERSION = YES;
				CLANG_WARN_OBJC_IMPLICIT_RETAIN_SELF = YES;
				CLANG_WARN_OBJC_LITERAL_CONVERSION = YES;
				CLANG_WARN_OBJC_ROOT_CLASS = YES_ERROR;
				CLANG_WARN_QUOTED_INCLUDE_IN_FRAMEWORK_HEADER = YES;
				CLANG_WARN_RANGE_LOOP_ANALYSIS = YES;
				CLANG_WARN_STRICT_PROTOTYPES = YES;
				CLANG_WARN_SUSPICIOUS_MOVE = YES;
				CLANG_WARN_UNGUARDED_AVAILABILITY = YES_AGGRESSIVE;
				CLANG_WARN_UNREACHABLE_CODE = YES;
				CLANG_WARN__DUPLICATE_METHOD_MATCH = YES;
				COPY_PHASE_STRIP = NO;
				DEBUG_INFORMATION_FORMAT = "dwarf-with-dsym";
				ENABLE_NS_ASSERTIONS = NO;
				ENABLE_STRICT_OBJC_MSGSEND = YES;
				ENABLE_USER_SCRIPT_SANDBOXING = YES;
				GCC_C_LANGUAGE_STANDARD = gnu17;
				GCC_NO_COMMON_BLOCKS = YES;
				GCC_WARN_64_TO_32_BIT_CONVERSION = YES;
				GCC_WARN_ABOUT_RETURN_TYPE = YES_ERROR;
				GCC_WARN_UNDECLARED_SELECTOR = YES;
				GCC_WARN_UNINITIALIZED_AUTOS = YES_AGGRESSIVE;
				GCC_WARN_UNUSED_FUNCTION = YES;
				GCC_WARN_UNUSED_VARIABLE = YES;
				IPHONEOS_DEPLOYMENT_TARGET = 18.1;
				LOCALIZATION_PREFERS_STRING_CATALOGS = YES;
				MTL_ENABLE_DEBUG_INFO = NO;
				MTL_FAST_MATH = YES;
				SDKROOT = iphoneos;
				SWIFT_COMPILATION_MODE = wholemodule;
				VALIDATE_PRODUCT = YES;
			};
			name = Release;
		};
		6EE6F7542CB0E72600E9E52D /* Debug */ = {
			isa = XCBuildConfiguration;
			buildSettings = {
				ASSETCATALOG_COMPILER_APPICON_NAME = AppIcon;
				ASSETCATALOG_COMPILER_GLOBAL_ACCENT_COLOR_NAME = AccentColor;
				CODE_SIGN_STYLE = Automatic;
				CURRENT_PROJECT_VERSION = 1;
				DEVELOPMENT_ASSET_PATHS = "\"SaludApi/Preview Content\"";
				ENABLE_PREVIEWS = YES;
				GENERATE_INFOPLIST_FILE = YES;
				INFOPLIST_KEY_UIApplicationSceneManifest_Generation = YES;
				INFOPLIST_KEY_UIApplicationSupportsIndirectInputEvents = YES;
				INFOPLIST_KEY_UILaunchScreen_Generation = YES;
				INFOPLIST_KEY_UISupportedInterfaceOrientations_iPad = "UIInterfaceOrientationPortrait UIInterfaceOrientationPortraitUpsideDown UIInterfaceOrientationLandscapeLeft UIInterfaceOrientationLandscapeRight";
				INFOPLIST_KEY_UISupportedInterfaceOrientations_iPhone = "UIInterfaceOrientationPortrait UIInterfaceOrientationLandscapeLeft UIInterfaceOrientationLandscapeRight";
				LD_RUNPATH_SEARCH_PATHS = (
					"$(inherited)",
					"@executable_path/Frameworks",
				);
				MARKETING_VERSION = 1.0;
				PRODUCT_BUNDLE_IDENTIFIER = AsclepInc.SaludApi;
				PRODUCT_NAME = "$(TARGET_NAME)";
				SWIFT_EMIT_LOC_STRINGS = YES;
				SWIFT_VERSION = 5.0;
				TARGETED_DEVICE_FAMILY = "1,2";
			};
			name = Debug;
		};
		6EE6F7552CB0E72600E9E52D /* Release */ = {
			isa = XCBuildConfiguration;
			buildSettings = {
				ASSETCATALOG_COMPILER_APPICON_NAME = AppIcon;
				ASSETCATALOG_COMPILER_GLOBAL_ACCENT_COLOR_NAME = AccentColor;
				CODE_SIGN_STYLE = Automatic;
				CURRENT_PROJECT_VERSION = 1;
				DEVELOPMENT_ASSET_PATHS = "\"SaludApi/Preview Content\"";
				ENABLE_PREVIEWS = YES;
				GENERATE_INFOPLIST_FILE = YES;
				INFOPLIST_KEY_UIApplicationSceneManifest_Generation = YES;
				INFOPLIST_KEY_UIApplicationSupportsIndirectInputEvents = YES;
				INFOPLIST_KEY_UILaunchScreen_Generation = YES;
				INFOPLIST_KEY_UISupportedInterfaceOrientations_iPad = "UIInterfaceOrientationPortrait UIInterfaceOrientationPortraitUpsideDown UIInterfaceOrientationLandscapeLeft UIInterfaceOrientationLandscapeRight";
				INFOPLIST_KEY_UISupportedInterfaceOrientations_iPhone = "UIInterfaceOrientationPortrait UIInterfaceOrientationLandscapeLeft UIInterfaceOrientationLandscapeRight";
				LD_RUNPATH_SEARCH_PATHS = (
					"$(inherited)",
					"@executable_path/Frameworks",
				);
				MARKETING_VERSION = 1.0;
				PRODUCT_BUNDLE_IDENTIFIER = AsclepInc.SaludApi;
				PRODUCT_NAME = "$(TARGET_NAME)";
				SWIFT_EMIT_LOC_STRINGS = YES;
				SWIFT_VERSION = 5.0;
				TARGETED_DEVICE_FAMILY = "1,2";
			};
			name = Release;
		};
		6EE6F7572CB0E72600E9E52D /* Debug */ = {
			isa = XCBuildConfiguration;
			buildSettings = {
				BUNDLE_LOADER = "$(TEST_HOST)";
				CODE_SIGN_STYLE = Automatic;
				CURRENT_PROJECT_VERSION = 1;
				GENERATE_INFOPLIST_FILE = YES;
				IPHONEOS_DEPLOYMENT_TARGET = 18.1;
				MARKETING_VERSION = 1.0;
				PRODUCT_BUNDLE_IDENTIFIER = AsclepInc.SaludApiTests;
				PRODUCT_NAME = "$(TARGET_NAME)";
				SWIFT_EMIT_LOC_STRINGS = NO;
				SWIFT_VERSION = 5.0;
				TARGETED_DEVICE_FAMILY = "1,2";
				TEST_HOST = "$(BUILT_PRODUCTS_DIR)/SaludApi.app/$(BUNDLE_EXECUTABLE_FOLDER_PATH)/SaludApi";
			};
			name = Debug;
		};
		6EE6F7582CB0E72600E9E52D /* Release */ = {
			isa = XCBuildConfiguration;
			buildSettings = {
				BUNDLE_LOADER = "$(TEST_HOST)";
				CODE_SIGN_STYLE = Automatic;
				CURRENT_PROJECT_VERSION = 1;
				GENERATE_INFOPLIST_FILE = YES;
				IPHONEOS_DEPLOYMENT_TARGET = 18.1;
				MARKETING_VERSION = 1.0;
				PRODUCT_BUNDLE_IDENTIFIER = AsclepInc.SaludApiTests;
				PRODUCT_NAME = "$(TARGET_NAME)";
				SWIFT_EMIT_LOC_STRINGS = NO;
				SWIFT_VERSION = 5.0;
				TARGETED_DEVICE_FAMILY = "1,2";
				TEST_HOST = "$(BUILT_PRODUCTS_DIR)/SaludApi.app/$(BUNDLE_EXECUTABLE_FOLDER_PATH)/SaludApi";
			};
			name = Release;
		};
		6EE6F75A2CB0E72600E9E52D /* Debug */ = {
			isa = XCBuildConfiguration;
			buildSettings = {
				CODE_SIGN_STYLE = Automatic;
				CURRENT_PROJECT_VERSION = 1;
				GENERATE_INFOPLIST_FILE = YES;
				MARKETING_VERSION = 1.0;
				PRODUCT_BUNDLE_IDENTIFIER = AsclepInc.SaludApiUITests;
				PRODUCT_NAME = "$(TARGET_NAME)";
				SWIFT_EMIT_LOC_STRINGS = NO;
				SWIFT_VERSION = 5.0;
				TARGETED_DEVICE_FAMILY = "1,2";
				TEST_TARGET_NAME = SaludApi;
			};
			name = Debug;
		};
		6EE6F75B2CB0E72600E9E52D /* Release */ = {
			isa = XCBuildConfiguration;
			buildSettings = {
				CODE_SIGN_STYLE = Automatic;
				CURRENT_PROJECT_VERSION = 1;
				GENERATE_INFOPLIST_FILE = YES;
				MARKETING_VERSION = 1.0;
				PRODUCT_BUNDLE_IDENTIFIER = AsclepInc.SaludApiUITests;
				PRODUCT_NAME = "$(TARGET_NAME)";
				SWIFT_EMIT_LOC_STRINGS = NO;
				SWIFT_VERSION = 5.0;
				TARGETED_DEVICE_FAMILY = "1,2";
				TEST_TARGET_NAME = SaludApi;
			};
			name = Release;
		};
/* End XCBuildConfiguration section */

/* Begin XCConfigurationList section */
		6EE6F72A2CB0E72500E9E52D /* Build configuration list for PBXProject "SaludApi" */ = {
			isa = XCConfigurationList;
			buildConfigurations = (
				6EE6F7512CB0E72600E9E52D /* Debug */,
				6EE6F7522CB0E72600E9E52D /* Release */,
			);
			defaultConfigurationIsVisible = 0;
			defaultConfigurationName = Release;
		};
		6EE6F7532CB0E72600E9E52D /* Build configuration list for PBXNativeTarget "SaludApi" */ = {
			isa = XCConfigurationList;
			buildConfigurations = (
				6EE6F7542CB0E72600E9E52D /* Debug */,
				6EE6F7552CB0E72600E9E52D /* Release */,
			);
			defaultConfigurationIsVisible = 0;
			defaultConfigurationName = Release;
		};
		6EE6F7562CB0E72600E9E52D /* Build configuration list for PBXNativeTarget "SaludApiTests" */ = {
			isa = XCConfigurationList;
			buildConfigurations = (
				6EE6F7572CB0E72600E9E52D /* Debug */,
				6EE6F7582CB0E72600E9E52D /* Release */,
			);
			defaultConfigurationIsVisible = 0;
			defaultConfigurationName = Release;
		};
		6EE6F7592CB0E72600E9E52D /* Build configuration list for PBXNativeTarget "SaludApiUITests" */ = {
			isa = XCConfigurationList;
			buildConfigurations = (
				6EE6F75A2CB0E72600E9E52D /* Debug */,
				6EE6F75B2CB0E72600E9E52D /* Release */,
			);
			defaultConfigurationIsVisible = 0;
			defaultConfigurationName = Release;
		};
/* End XCConfigurationList section */
	};
	rootObject = 6EE6F7272CB0E72500E9E52D /* Project object */;
}
